
Microsoft Visual Studio Solution File, Format Version 12.00
# Visual Studio 15
VisualStudioVersion = 15.0.28010.2003
MinimumVisualStudioVersion = 10.0.40219.1
Project("{FAE04EC0-301F-11D3-BF4B-00C04F79EFBC}") = "photopic.api", "photopic.api\photopic.api.csproj", "{F3EA1E2D-8945-4690-95FE-B7915533EF9B}"
EndProject
Project("{FAE04EC0-301F-11D3-BF4B-00C04F79EFBC}") = "photopic.domain", "photopic.domain\photopic.domain.csproj", "{A37C9671-8970-4995-92C1-3B6AECBF1331}"
EndProject
Project("{FAE04EC0-301F-11D3-BF4B-00C04F79EFBC}") = "photopic.repositories", "photopic.repositories\photopic.repositories.csproj", "{70B4586A-CEDF-42FD-9A9F-A7846E6B64E5}"
EndProject
Global
	GlobalSection(SolutionConfigurationPlatforms) = preSolution
		Debug|Any CPU = Debug|Any CPU
		Release|Any CPU = Release|Any CPU
	EndGlobalSection
	GlobalSection(ProjectConfigurationPlatforms) = postSolution
		{F3EA1E2D-8945-4690-95FE-B7915533EF9B}.Debug|Any CPU.ActiveCfg = Debug|Any CPU
		{F3EA1E2D-8945-4690-95FE-B7915533EF9B}.Debug|Any CPU.Build.0 = Debug|Any CPU
		{F3EA1E2D-8945-4690-95FE-B7915533EF9B}.Release|Any CPU.ActiveCfg = Release|Any CPU
		{F3EA1E2D-8945-4690-95FE-B7915533EF9B}.Release|Any CPU.Build.0 = Release|Any CPU
		{A37C9671-8970-4995-92C1-3B6AECBF1331}.Debug|Any CPU.ActiveCfg = Debug|Any CPU
		{A37C9671-8970-4995-92C1-3B6AECBF1331}.Debug|Any CPU.Build.0 = Debug|Any CPU
		{A37C9671-8970-4995-92C1-3B6AECBF1331}.Release|Any CPU.ActiveCfg = Release|Any CPU
		{A37C9671-8970-4995-92C1-3B6AECBF1331}.Release|Any CPU.Build.0 = Release|Any CPU
		{70B4586A-CEDF-42FD-9A9F-A7846E6B64E5}.Debug|Any CPU.ActiveCfg = Debug|Any CPU
		{70B4586A-CEDF-42FD-9A9F-A7846E6B64E5}.Debug|Any CPU.Build.0 = Debug|Any CPU
		{70B4586A-CEDF-42FD-9A9F-A7846E6B64E5}.Release|Any CPU.ActiveCfg = Release|Any CPU
		{70B4586A-CEDF-42FD-9A9F-A7846E6B64E5}.Release|Any CPU.Build.0 = Release|Any CPU
	EndGlobalSection
	GlobalSection(SolutionProperties) = preSolution
		HideSolutionNode = FALSE
	EndGlobalSection
	GlobalSection(ExtensibilityGlobals) = postSolution
		SolutionGuid = {4DB03436-3C62-4B8B-BB6D-79DBD1096EA4}
	EndGlobalSection
EndGlobal
